
Microsoft Visual Studio Solution File, Format Version 12.00
# Visual Studio 14
VisualStudioVersion = 14.0.23107.0
MinimumVisualStudioVersion = 10.0.40219.1
Project("{FAE04EC0-301F-11D3-BF4B-00C04F79EFBC}") = "AdaptiveAds_TestFramework", "AdaptiveAds_TestFramework\AdaptiveAds_TestFramework.csproj", "{ECAC0BEE-24E1-4CB5-BAAA-61CFCA5002E9}"
EndProject
Project("{FAE04EC0-301F-11D3-BF4B-00C04F79EFBC}") = "Tests", "Tests\Tests.csproj", "{675DFD04-B99E-4261-88F1-5225BB1500DA}"
EndProject
Global
	GlobalSection(SolutionConfigurationPlatforms) = preSolution
		Debug|Any CPU = Debug|Any CPU
		Release|Any CPU = Release|Any CPU
	EndGlobalSection
	GlobalSection(ProjectConfigurationPlatforms) = postSolution
		{ECAC0BEE-24E1-4CB5-BAAA-61CFCA5002E9}.Debug|Any CPU.ActiveCfg = Debug|Any CPU
		{ECAC0BEE-24E1-4CB5-BAAA-61CFCA5002E9}.Debug|Any CPU.Build.0 = Debug|Any CPU
		{ECAC0BEE-24E1-4CB5-BAAA-61CFCA5002E9}.Release|Any CPU.ActiveCfg = Release|Any CPU
		{ECAC0BEE-24E1-4CB5-BAAA-61CFCA5002E9}.Release|Any CPU.Build.0 = Release|Any CPU
		{675DFD04-B99E-4261-88F1-5225BB1500DA}.Debug|Any CPU.ActiveCfg = Debug|Any CPU
		{675DFD04-B99E-4261-88F1-5225BB1500DA}.Debug|Any CPU.Build.0 = Debug|Any CPU
		{675DFD04-B99E-4261-88F1-5225BB1500DA}.Release|Any CPU.ActiveCfg = Release|Any CPU
		{675DFD04-B99E-4261-88F1-5225BB1500DA}.Release|Any CPU.Build.0 = Release|Any CPU
	EndGlobalSection
	GlobalSection(SolutionProperties) = preSolution
		HideSolutionNode = FALSE
	EndGlobalSection
EndGlobal
